// !$*UTF8*$!
{
	archiveVersion = 1;
	classes = {
	};
	objectVersion = 55;
	objects = {

/* Begin PBXBuildFile section */
		7F869B3755AC656094D9EDDE /* Pods_Moya101.framework in Frameworks */ = {isa = PBXBuildFile; fileRef = 9C2CDA802771DFAE1036FD15 /* Pods_Moya101.framework */; };
		98F648A428D19E2100EB42DD /* AppDelegate.swift in Sources */ = {isa = PBXBuildFile; fileRef = 98F648A328D19E2100EB42DD /* AppDelegate.swift */; };
		98F648A628D19E2100EB42DD /* SceneDelegate.swift in Sources */ = {isa = PBXBuildFile; fileRef = 98F648A528D19E2100EB42DD /* SceneDelegate.swift */; };
		98F648A828D19E2100EB42DD /* ViewController.swift in Sources */ = {isa = PBXBuildFile; fileRef = 98F648A728D19E2100EB42DD /* ViewController.swift */; };
		98F648AD28D19E2600EB42DD /* Assets.xcassets in Resources */ = {isa = PBXBuildFile; fileRef = 98F648AC28D19E2600EB42DD /* Assets.xcassets */; };
		98F648B028D19E2600EB42DD /* LaunchScreen.storyboard in Resources */ = {isa = PBXBuildFile; fileRef = 98F648AE28D19E2600EB42DD /* LaunchScreen.storyboard */; };
		98F648B828D1BD3700EB42DD /* APIService.swift in Sources */ = {isa = PBXBuildFile; fileRef = 98F648B728D1BD3700EB42DD /* APIService.swift */; };
		98F648DC28D1C25700EB42DD /* BaseAPI.swift in Sources */ = {isa = PBXBuildFile; fileRef = 98F648DB28D1C25700EB42DD /* BaseAPI.swift */; };
		98F648E028DAE60B00EB42DD /* CurrentWeatherModel.swift in Sources */ = {isa = PBXBuildFile; fileRef = 98F648DF28DAE60B00EB42DD /* CurrentWeatherModel.swift */; };
		98F648E228DAE61300EB42DD /* WeatherForecastModel.swift in Sources */ = {isa = PBXBuildFile; fileRef = 98F648E128DAE61300EB42DD /* WeatherForecastModel.swift */; };
		98F648E428DAFA2600EB42DD /* CommonModel.swift in Sources */ = {isa = PBXBuildFile; fileRef = 98F648E328DAFA2600EB42DD /* CommonModel.swift */; };
		98F648E628DAFE8400EB42DD /* MainReactor.swift in Sources */ = {isa = PBXBuildFile; fileRef = 98F648E528DAFE8400EB42DD /* MainReactor.swift */; };
/* End PBXBuildFile section */

/* Begin PBXFileReference section */
		44F975743D4D33DB113BF54D /* Pods-Moya101.release.xcconfig */ = {isa = PBXFileReference; includeInIndex = 1; lastKnownFileType = text.xcconfig; name = "Pods-Moya101.release.xcconfig"; path = "Target Support Files/Pods-Moya101/Pods-Moya101.release.xcconfig"; sourceTree = "<group>"; };
		4B17176FFEFF0E22A2D56931 /* Pods-Moya101.debug.xcconfig */ = {isa = PBXFileReference; includeInIndex = 1; lastKnownFileType = text.xcconfig; name = "Pods-Moya101.debug.xcconfig"; path = "Target Support Files/Pods-Moya101/Pods-Moya101.debug.xcconfig"; sourceTree = "<group>"; };
		98F648A028D19E2100EB42DD /* Moya101.app */ = {isa = PBXFileReference; explicitFileType = wrapper.application; includeInIndex = 0; path = Moya101.app; sourceTree = BUILT_PRODUCTS_DIR; };
		98F648A328D19E2100EB42DD /* AppDelegate.swift */ = {isa = PBXFileReference; lastKnownFileType = sourcecode.swift; path = AppDelegate.swift; sourceTree = "<group>"; };
		98F648A528D19E2100EB42DD /* SceneDelegate.swift */ = {isa = PBXFileReference; lastKnownFileType = sourcecode.swift; path = SceneDelegate.swift; sourceTree = "<group>"; };
		98F648A728D19E2100EB42DD /* ViewController.swift */ = {isa = PBXFileReference; lastKnownFileType = sourcecode.swift; path = ViewController.swift; sourceTree = "<group>"; };
		98F648AC28D19E2600EB42DD /* Assets.xcassets */ = {isa = PBXFileReference; lastKnownFileType = folder.assetcatalog; path = Assets.xcassets; sourceTree = "<group>"; };
		98F648AF28D19E2600EB42DD /* Base */ = {isa = PBXFileReference; lastKnownFileType = file.storyboard; name = Base; path = Base.lproj/LaunchScreen.storyboard; sourceTree = "<group>"; };
		98F648B128D19E2600EB42DD /* Info.plist */ = {isa = PBXFileReference; lastKnownFileType = text.plist.xml; path = Info.plist; sourceTree = "<group>"; };
		98F648B728D1BD3700EB42DD /* APIService.swift */ = {isa = PBXFileReference; lastKnownFileType = sourcecode.swift; path = APIService.swift; sourceTree = "<group>"; };
		98F648DB28D1C25700EB42DD /* BaseAPI.swift */ = {isa = PBXFileReference; lastKnownFileType = sourcecode.swift; path = BaseAPI.swift; sourceTree = "<group>"; };
		98F648DF28DAE60B00EB42DD /* CurrentWeatherModel.swift */ = {isa = PBXFileReference; lastKnownFileType = sourcecode.swift; path = CurrentWeatherModel.swift; sourceTree = "<group>"; };
		98F648E128DAE61300EB42DD /* WeatherForecastModel.swift */ = {isa = PBXFileReference; lastKnownFileType = sourcecode.swift; path = WeatherForecastModel.swift; sourceTree = "<group>"; };
		98F648E328DAFA2600EB42DD /* CommonModel.swift */ = {isa = PBXFileReference; lastKnownFileType = sourcecode.swift; path = CommonModel.swift; sourceTree = "<group>"; };
		98F648E528DAFE8400EB42DD /* MainReactor.swift */ = {isa = PBXFileReference; lastKnownFileType = sourcecode.swift; path = MainReactor.swift; sourceTree = "<group>"; };
		9C2CDA802771DFAE1036FD15 /* Pods_Moya101.framework */ = {isa = PBXFileReference; explicitFileType = wrapper.framework; includeInIndex = 0; path = Pods_Moya101.framework; sourceTree = BUILT_PRODUCTS_DIR; };
/* End PBXFileReference section */

/* Begin PBXFrameworksBuildPhase section */
		98F6489D28D19E2100EB42DD /* Frameworks */ = {
			isa = PBXFrameworksBuildPhase;
			buildActionMask = 2147483647;
			files = (
				7F869B3755AC656094D9EDDE /* Pods_Moya101.framework in Frameworks */,
			);
			runOnlyForDeploymentPostprocessing = 0;
		};
/* End PBXFrameworksBuildPhase section */

/* Begin PBXGroup section */
		98F6489728D19E2100EB42DD = {
			isa = PBXGroup;
			children = (
				98F648A228D19E2100EB42DD /* Moya101 */,
				98F648A128D19E2100EB42DD /* Products */,
				F6161F69CA373FE942264906 /* Pods */,
				F4727314065E8504C6CD8CB2 /* Frameworks */,
			);
			sourceTree = "<group>";
		};
		98F648A128D19E2100EB42DD /* Products */ = {
			isa = PBXGroup;
			children = (
				98F648A028D19E2100EB42DD /* Moya101.app */,
			);
			name = Products;
			sourceTree = "<group>";
		};
		98F648A228D19E2100EB42DD /* Moya101 */ = {
			isa = PBXGroup;
			children = (
				98F648A328D19E2100EB42DD /* AppDelegate.swift */,
				98F648A528D19E2100EB42DD /* SceneDelegate.swift */,
				98F648A728D19E2100EB42DD /* ViewController.swift */,
				98F648AC28D19E2600EB42DD /* Assets.xcassets */,
				98F648AE28D19E2600EB42DD /* LaunchScreen.storyboard */,
				98F648B128D19E2600EB42DD /* Info.plist */,
				98F648B728D1BD3700EB42DD /* APIService.swift */,
				98F648DB28D1C25700EB42DD /* BaseAPI.swift */,
				98F648DF28DAE60B00EB42DD /* CurrentWeatherModel.swift */,
				98F648E128DAE61300EB42DD /* WeatherForecastModel.swift */,
				98F648E328DAFA2600EB42DD /* CommonModel.swift */,
				98F648E528DAFE8400EB42DD /* MainReactor.swift */,
			);
			path = Moya101;
			sourceTree = "<group>";
		};
		F4727314065E8504C6CD8CB2 /* Frameworks */ = {
			isa = PBXGroup;
			children = (
				9C2CDA802771DFAE1036FD15 /* Pods_Moya101.framework */,
			);
			name = Frameworks;
			sourceTree = "<group>";
		};
		F6161F69CA373FE942264906 /* Pods */ = {
			isa = PBXGroup;
			children = (
				4B17176FFEFF0E22A2D56931 /* Pods-Moya101.debug.xcconfig */,
				44F975743D4D33DB113BF54D /* Pods-Moya101.release.xcconfig */,
			);
			path = Pods;
			sourceTree = "<group>";
		};
/* End PBXGroup section */

/* Begin PBXNativeTarget section */
		98F6489F28D19E2100EB42DD /* Moya101 */ = {
			isa = PBXNativeTarget;
			buildConfigurationList = 98F648B428D19E2600EB42DD /* Build configuration list for PBXNativeTarget "Moya101" */;
			buildPhases = (
				3546B99FD4D64D3FC47ACE76 /* [CP] Check Pods Manifest.lock */,
				98F6489C28D19E2100EB42DD /* Sources */,
				98F6489D28D19E2100EB42DD /* Frameworks */,
				98F6489E28D19E2100EB42DD /* Resources */,
				8BBA6B5A66F60F9930823C14 /* [CP] Embed Pods Frameworks */,
			);
			buildRules = (
			);
			dependencies = (
			);
			name = Moya101;
			productName = Moya101;
			productReference = 98F648A028D19E2100EB42DD /* Moya101.app */;
			productType = "com.apple.product-type.application";
		};
/* End PBXNativeTarget section */

/* Begin PBXProject section */
		98F6489828D19E2100EB42DD /* Project object */ = {
			isa = PBXProject;
			attributes = {
				BuildIndependentTargetsInParallel = 1;
				LastSwiftUpdateCheck = 1340;
				LastUpgradeCheck = 1340;
				TargetAttributes = {
					98F6489F28D19E2100EB42DD = {
						CreatedOnToolsVersion = 13.4.1;
					};
				};
			};
			buildConfigurationList = 98F6489B28D19E2100EB42DD /* Build configuration list for PBXProject "Moya101" */;
			compatibilityVersion = "Xcode 13.0";
			developmentRegion = en;
			hasScannedForEncodings = 0;
			knownRegions = (
				en,
				Base,
			);
			mainGroup = 98F6489728D19E2100EB42DD;
			productRefGroup = 98F648A128D19E2100EB42DD /* Products */;
			projectDirPath = "";
			projectRoot = "";
			targets = (
				98F6489F28D19E2100EB42DD /* Moya101 */,
			);
		};
/* End PBXProject section */

/* Begin PBXResourcesBuildPhase section */
		98F6489E28D19E2100EB42DD /* Resources */ = {
			isa = PBXResourcesBuildPhase;
			buildActionMask = 2147483647;
			files = (
				98F648B028D19E2600EB42DD /* LaunchScreen.storyboard in Resources */,
				98F648AD28D19E2600EB42DD /* Assets.xcassets in Resources */,
			);
			runOnlyForDeploymentPostprocessing = 0;
		};
/* End PBXResourcesBuildPhase section */

/* Begin PBXShellScriptBuildPhase section */
		3546B99FD4D64D3FC47ACE76 /* [CP] Check Pods Manifest.lock */ = {
			isa = PBXShellScriptBuildPhase;
			buildActionMask = 2147483647;
			files = (
			);
			inputFileListPaths = (
			);
			inputPaths = (
				"${PODS_PODFILE_DIR_PATH}/Podfile.lock",
				"${PODS_ROOT}/Manifest.lock",
			);
			name = "[CP] Check Pods Manifest.lock";
			outputFileListPaths = (
			);
			outputPaths = (
				"$(DERIVED_FILE_DIR)/Pods-Moya101-checkManifestLockResult.txt",
			);
			runOnlyForDeploymentPostprocessing = 0;
			shellPath = /bin/sh;
			shellScript = "diff \"${PODS_PODFILE_DIR_PATH}/Podfile.lock\" \"${PODS_ROOT}/Manifest.lock\" > /dev/null\nif [ $? != 0 ] ; then\n    # print error to STDERR\n    echo \"error: The sandbox is not in sync with the Podfile.lock. Run 'pod install' or update your CocoaPods installation.\" >&2\n    exit 1\nfi\n# This output is used by Xcode 'outputs' to avoid re-running this script phase.\necho \"SUCCESS\" > \"${SCRIPT_OUTPUT_FILE_0}\"\n";
			showEnvVarsInLog = 0;
		};
		8BBA6B5A66F60F9930823C14 /* [CP] Embed Pods Frameworks */ = {
			isa = PBXShellScriptBuildPhase;
			buildActionMask = 2147483647;
			files = (
			);
			inputFileListPaths = (
				"${PODS_ROOT}/Target Support Files/Pods-Moya101/Pods-Moya101-frameworks-${CONFIGURATION}-input-files.xcfilelist",
			);
			name = "[CP] Embed Pods Frameworks";
			outputFileListPaths = (
				"${PODS_ROOT}/Target Support Files/Pods-Moya101/Pods-Moya101-frameworks-${CONFIGURATION}-output-files.xcfilelist",
			);
			runOnlyForDeploymentPostprocessing = 0;
			shellPath = /bin/sh;
			shellScript = "\"${PODS_ROOT}/Target Support Files/Pods-Moya101/Pods-Moya101-frameworks.sh\"\n";
			showEnvVarsInLog = 0;
		};
/* End PBXShellScriptBuildPhase section */

/* Begin PBXSourcesBuildPhase section */
		98F6489C28D19E2100EB42DD /* Sources */ = {
			isa = PBXSourcesBuildPhase;
			buildActionMask = 2147483647;
			files = (
				98F648A828D19E2100EB42DD /* ViewController.swift in Sources */,
				98F648E228DAE61300EB42DD /* WeatherForecastModel.swift in Sources */,
				98F648A428D19E2100EB42DD /* AppDelegate.swift in Sources */,
				98F648E028DAE60B00EB42DD /* CurrentWeatherModel.swift in Sources */,
				98F648E628DAFE8400EB42DD /* MainReactor.swift in Sources */,
				98F648B828D1BD3700EB42DD /* APIService.swift in Sources */,
				98F648A628D19E2100EB42DD /* SceneDelegate.swift in Sources */,
				98F648E428DAFA2600EB42DD /* CommonModel.swift in Sources */,
				98F648DC28D1C25700EB42DD /* BaseAPI.swift in Sources */,
			);
			runOnlyForDeploymentPostprocessing = 0;
		};
/* End PBXSourcesBuildPhase section */

/* Begin PBXVariantGroup section */
		98F648AE28D19E2600EB42DD /* LaunchScreen.storyboard */ = {
			isa = PBXVariantGroup;
			children = (
				98F648AF28D19E2600EB42DD /* Base */,
			);
			name = LaunchScreen.storyboard;
			sourceTree = "<group>";
		};
/* End PBXVariantGroup section */

/* Begin XCBuildConfiguration section */
		98F648B228D19E2600EB42DD /* Debug */ = {
			isa = XCBuildConfiguration;
			buildSettings = {
				ALWAYS_SEARCH_USER_PATHS = NO;
				CLANG_ANALYZER_NONNULL = YES;
				CLANG_ANALYZER_NUMBER_OBJECT_CONVERSION = YES_AGGRESSIVE;
				CLANG_CXX_LANGUAGE_STANDARD = "gnu++17";
				CLANG_ENABLE_MODULES = YES;
				CLANG_ENABLE_OBJC_ARC = YES;
				CLANG_ENABLE_OBJC_WEAK = YES;
				CLANG_WARN_BLOCK_CAPTURE_AUTORELEASING = YES;
				CLANG_WARN_BOOL_CONVERSION = YES;
				CLANG_WARN_COMMA = YES;
				CLANG_WARN_CONSTANT_CONVERSION = YES;
				CLANG_WARN_DEPRECATED_OBJC_IMPLEMENTATIONS = YES;
				CLANG_WARN_DIRECT_OBJC_ISA_USAGE = YES_ERROR;
				CLANG_WARN_DOCUMENTATION_COMMENTS = YES;
				CLANG_WARN_EMPTY_BODY = YES;
				CLANG_WARN_ENUM_CONVERSION = YES;
				CLANG_WARN_INFINITE_RECURSION = YES;
				CLANG_WARN_INT_CONVERSION = YES;
				CLANG_WARN_NON_LITERAL_NULL_CONVERSION = YES;
				CLANG_WARN_OBJC_IMPLICIT_RETAIN_SELF = YES;
				CLANG_WARN_OBJC_LITERAL_CONVERSION = YES;
				CLANG_WARN_OBJC_ROOT_CLASS = YES_ERROR;
				CLANG_WARN_QUOTED_INCLUDE_IN_FRAMEWORK_HEADER = YES;
				CLANG_WARN_RANGE_LOOP_ANALYSIS = YES;
				CLANG_WARN_STRICT_PROTOTYPES = YES;
				CLANG_WARN_SUSPICIOUS_MOVE = YES;
				CLANG_WARN_UNGUARDED_AVAILABILITY = YES_AGGRESSIVE;
				CLANG_WARN_UNREACHABLE_CODE = YES;
				CLANG_WARN__DUPLICATE_METHOD_MATCH = YES;
				COPY_PHASE_STRIP = NO;
				DEBUG_INFORMATION_FORMAT = dwarf;
				ENABLE_STRICT_OBJC_MSGSEND = YES;
				ENABLE_TESTABILITY = YES;
				GCC_C_LANGUAGE_STANDARD = gnu11;
				GCC_DYNAMIC_NO_PIC = NO;
				GCC_NO_COMMON_BLOCKS = YES;
				GCC_OPTIMIZATION_LEVEL = 0;
				GCC_PREPROCESSOR_DEFINITIONS = (
					"DEBUG=1",
					"$(inherited)",
				);
				GCC_WARN_64_TO_32_BIT_CONVERSION = YES;
				GCC_WARN_ABOUT_RETURN_TYPE = YES_ERROR;
				GCC_WARN_UNDECLARED_SELECTOR = YES;
				GCC_WARN_UNINITIALIZED_AUTOS = YES_AGGRESSIVE;
				GCC_WARN_UNUSED_FUNCTION = YES;
				GCC_WARN_UNUSED_VARIABLE = YES;
				IPHONEOS_DEPLOYMENT_TARGET = 15.5;
				MTL_ENABLE_DEBUG_INFO = INCLUDE_SOURCE;
				MTL_FAST_MATH = YES;
				ONLY_ACTIVE_ARCH = YES;
				SDKROOT = iphoneos;
				SWIFT_ACTIVE_COMPILATION_CONDITIONS = DEBUG;
				SWIFT_OPTIMIZATION_LEVEL = "-Onone";
			};
			name = Debug;
		};
		98F648B328D19E2600EB42DD /* Release */ = {
			isa = XCBuildConfiguration;
			buildSettings = {
				ALWAYS_SEARCH_USER_PATHS = NO;
				CLANG_ANALYZER_NONNULL = YES;
				CLANG_ANALYZER_NUMBER_OBJECT_CONVERSION = YES_AGGRESSIVE;
				CLANG_CXX_LANGUAGE_STANDARD = "gnu++17";
				CLANG_ENABLE_MODULES = YES;
				CLANG_ENABLE_OBJC_ARC = YES;
				CLANG_ENABLE_OBJC_WEAK = YES;
				CLANG_WARN_BLOCK_CAPTURE_AUTORELEASING = YES;
				CLANG_WARN_BOOL_CONVERSION = YES;
				CLANG_WARN_COMMA = YES;
				CLANG_WARN_CONSTANT_CONVERSION = YES;
				CLANG_WARN_DEPRECATED_OBJC_IMPLEMENTATIONS = YES;
				CLANG_WARN_DIRECT_OBJC_ISA_USAGE = YES_ERROR;
				CLANG_WARN_DOCUMENTATION_COMMENTS = YES;
				CLANG_WARN_EMPTY_BODY = YES;
				CLANG_WARN_ENUM_CONVERSION = YES;
				CLANG_WARN_INFINITE_RECURSION = YES;
				CLANG_WARN_INT_CONVERSION = YES;
				CLANG_WARN_NON_LITERAL_NULL_CONVERSION = YES;
				CLANG_WARN_OBJC_IMPLICIT_RETAIN_SELF = YES;
				CLANG_WARN_OBJC_LITERAL_CONVERSION = YES;
				CLANG_WARN_OBJC_ROOT_CLASS = YES_ERROR;
				CLANG_WARN_QUOTED_INCLUDE_IN_FRAMEWORK_HEADER = YES;
				CLANG_WARN_RANGE_LOOP_ANALYSIS = YES;
				CLANG_WARN_STRICT_PROTOTYPES = YES;
				CLANG_WARN_SUSPICIOUS_MOVE = YES;
				CLANG_WARN_UNGUARDED_AVAILABILITY = YES_AGGRESSIVE;
				CLANG_WARN_UNREACHABLE_CODE = YES;
				CLANG_WARN__DUPLICATE_METHOD_MATCH = YES;
				COPY_PHASE_STRIP = NO;
				DEBUG_INFORMATION_FORMAT = "dwarf-with-dsym";
				ENABLE_NS_ASSERTIONS = NO;
				ENABLE_STRICT_OBJC_MSGSEND = YES;
				GCC_C_LANGUAGE_STANDARD = gnu11;
				GCC_NO_COMMON_BLOCKS = YES;
				GCC_WARN_64_TO_32_BIT_CONVERSION = YES;
				GCC_WARN_ABOUT_RETURN_TYPE = YES_ERROR;
				GCC_WARN_UNDECLARED_SELECTOR = YES;
				GCC_WARN_UNINITIALIZED_AUTOS = YES_AGGRESSIVE;
				GCC_WARN_UNUSED_FUNCTION = YES;
				GCC_WARN_UNUSED_VARIABLE = YES;
				IPHONEOS_DEPLOYMENT_TARGET = 15.5;
				MTL_ENABLE_DEBUG_INFO = NO;
				MTL_FAST_MATH = YES;
				SDKROOT = iphoneos;
				SWIFT_COMPILATION_MODE = wholemodule;
				SWIFT_OPTIMIZATION_LEVEL = "-O";
				VALIDATE_PRODUCT = YES;
			};
			name = Release;
		};
		98F648B528D19E2600EB42DD /* Debug */ = {
			isa = XCBuildConfiguration;
			baseConfigurationReference = 4B17176FFEFF0E22A2D56931 /* Pods-Moya101.debug.xcconfig */;
			buildSettings = {
				ASSETCATALOG_COMPILER_APPICON_NAME = AppIcon;
				ASSETCATALOG_COMPILER_GLOBAL_ACCENT_COLOR_NAME = AccentColor;
				CODE_SIGN_STYLE = Automatic;
				CURRENT_PROJECT_VERSION = 1;
				DEVELOPMENT_TEAM = 42BKXL39Q2;
				GENERATE_INFOPLIST_FILE = YES;
				INFOPLIST_FILE = Moya101/Info.plist;
				INFOPLIST_KEY_UIApplicationSupportsIndirectInputEvents = YES;
				INFOPLIST_KEY_UILaunchStoryboardName = LaunchScreen;
				INFOPLIST_KEY_UISupportedInterfaceOrientations_iPad = "UIInterfaceOrientationPortrait UIInterfaceOrientationPortraitUpsideDown UIInterfaceOrientationLandscapeLeft UIInterfaceOrientationLandscapeRight";
				INFOPLIST_KEY_UISupportedInterfaceOrientations_iPhone = "UIInterfaceOrientationPortrait UIInterfaceOrientationLandscapeLeft UIInterfaceOrientationLandscapeRight";
				LD_RUNPATH_SEARCH_PATHS = (
					"$(inherited)",
					"@executable_path/Frameworks",
				);
				MARKETING_VERSION = 1.0;
				PRODUCT_BUNDLE_IDENTIFIER = com.minseong.Moya101;
				PRODUCT_NAME = "$(TARGET_NAME)";
				SWIFT_EMIT_LOC_STRINGS = YES;
				SWIFT_VERSION = 5.0;
				TARGETED_DEVICE_FAMILY = "1,2";
			};
			name = Debug;
		};
		98F648B628D19E2600EB42DD /* Release */ = {
			isa = XCBuildConfiguration;
			baseConfigurationReference = 44F975743D4D33DB113BF54D /* Pods-Moya101.release.xcconfig */;
			buildSettings = {
				ASSETCATALOG_COMPILER_APPICON_NAME = AppIcon;
				ASSETCATALOG_COMPILER_GLOBAL_ACCENT_COLOR_NAME = AccentColor;
				CODE_SIGN_STYLE = Automatic;
				CURRENT_PROJECT_VERSION = 1;
				DEVELOPMENT_TEAM = 42BKXL39Q2;
				GENERATE_INFOPLIST_FILE = YES;
				INFOPLIST_FILE = Moya101/Info.plist;
				INFOPLIST_KEY_UIApplicationSupportsIndirectInputEvents = YES;
				INFOPLIST_KEY_UILaunchStoryboardName = LaunchScreen;
				INFOPLIST_KEY_UISupportedInterfaceOrientations_iPad = "UIInterfaceOrientationPortrait UIInterfaceOrientationPortraitUpsideDown UIInterfaceOrientationLandscapeLeft UIInterfaceOrientationLandscapeRight";
				INFOPLIST_KEY_UISupportedInterfaceOrientations_iPhone = "UIInterfaceOrientationPortrait UIInterfaceOrientationLandscapeLeft UIInterfaceOrientationLandscapeRight";
				LD_RUNPATH_SEARCH_PATHS = (
					"$(inherited)",
					"@executable_path/Frameworks",
				);
				MARKETING_VERSION = 1.0;
				PRODUCT_BUNDLE_IDENTIFIER = com.minseong.Moya101;
				PRODUCT_NAME = "$(TARGET_NAME)";
				SWIFT_EMIT_LOC_STRINGS = YES;
				SWIFT_VERSION = 5.0;
				TARGETED_DEVICE_FAMILY = "1,2";
			};
			name = Release;
		};
/* End XCBuildConfiguration section */

/* Begin XCConfigurationList section */
		98F6489B28D19E2100EB42DD /* Build configuration list for PBXProject "Moya101" */ = {
			isa = XCConfigurationList;
			buildConfigurations = (
				98F648B228D19E2600EB42DD /* Debug */,
				98F648B328D19E2600EB42DD /* Release */,
			);
			defaultConfigurationIsVisible = 0;
			defaultConfigurationName = Release;
		};
		98F648B428D19E2600EB42DD /* Build configuration list for PBXNativeTarget "Moya101" */ = {
			isa = XCConfigurationList;
			buildConfigurations = (
				98F648B528D19E2600EB42DD /* Debug */,
				98F648B628D19E2600EB42DD /* Release */,
			);
			defaultConfigurationIsVisible = 0;
			defaultConfigurationName = Release;
		};
/* End XCConfigurationList section */
	};
	rootObject = 98F6489828D19E2100EB42DD /* Project object */;
}
